<?xml version="1.0" encoding="UTF-8"?>
<Scheme
   LastUpgradeVersion = "1430"
   version = "1.7">
   <BuildAction
      parallelizeBuildables = "YES"
      buildImplicitDependencies = "YES">
      <BuildActionEntries>
         <BuildActionEntry
            buildForTesting = "YES"
            buildForRunning = "YES"
            buildForProfiling = "YES"
            buildForArchiving = "YES"
            buildForAnalyzing = "YES">
            <BuildableReference
               BuildableIdentifier = "primary"
               BlueprintIdentifier = "FBB11EE02A7040A4007A8753"
               BuildableName = "BackblazeDemo_macOS.app"
               BlueprintName = "BackblazeDemo_macOS"
               ReferencedContainer = "container:BackBlazeDemo.xcodeproj">
            </BuildableReference>
         </BuildActionEntry>
      </BuildActionEntries>
   </BuildAction>
   <TestAction
      buildConfiguration = "Debug"
      selectedDebuggerIdentifier = "Xcode.DebuggerFoundation.Debugger.LLDB"
      selectedLauncherIdentifier = "Xcode.DebuggerFoundation.Launcher.LLDB"
      shouldUseLaunchSchemeArgsEnv = "YES"
      shouldAutocreateTestPlan = "YES">
      <Testables>
         <TestableReference
            skipped = "NO"
            parallelizable = "YES">
            <BuildableReference
               BuildableIdentifier = "primary"
               BlueprintIdentifier = "FBB11EF02A7040A5007A8753"
               BuildableName = "BackblazeDemo_macOSTests.xctest"
               BlueprintName = "BackblazeDemo_macOSTests"
               ReferencedContainer = "container:BackBlazeDemo.xcodeproj">
            </BuildableReference>
         </TestableReference>
         <TestableReference
            skipped = "NO"
            parallelizable = "YES">
            <BuildableReference
               BuildableIdentifier = "primary"
               BlueprintIdentifier = "FBB11EFA2A7040A5007A8753"
               BuildableName = "BackblazeDemo_macOSUITests.xctest"
               BlueprintName = "BackblazeDemo_macOSUITests"
               ReferencedContainer = "container:BackBlazeDemo.xcodeproj">
            </BuildableReference>
         </TestableReference>
      </Testables>
   </TestAction>
   <LaunchAction
      buildConfiguration = "Debug"
      selectedDebuggerIdentifier = "Xcode.DebuggerFoundation.Debugger.LLDB"
      selectedLauncherIdentifier = "Xcode.DebuggerFoundation.Launcher.LLDB"
      launchStyle = "0"
      useCustomWorkingDirectory = "NO"
      ignoresPersistentStateOnLaunch = "NO"
      debugDocumentVersioning = "YES"
      debugServiceExtension = "internal"
      allowLocationSimulation = "YES">
      <BuildableProductRunnable
         runnableDebuggingMode = "0">
         <BuildableReference
            BuildableIdentifier = "primary"
            BlueprintIdentifier = "FBB11EE02A7040A4007A8753"
            BuildableName = "BackblazeDemo_macOS.app"
            BlueprintName = "BackblazeDemo_macOS"
            ReferencedContainer = "container:BackBlazeDemo.xcodeproj">
         </BuildableReference>
      </BuildableProductRunnable>
      <CommandLineArguments>
         <CommandLineArgument
            argument = "-standardLog true "
            isEnabled = "YES">
         </CommandLineArgument>
         <CommandLineArgument
            argument = "-applicationKeyID &quot;002d365fdf3dfcc0000000001&quot; "
            isEnabled = "YES">
         </CommandLineArgument>
         <CommandLineArgument
            argument = "-applicationKey &quot;K0025cy1RjM8KO8OmbKPOV2mc9cqQnI&quot;  "
            isEnabled = "YES">
         </CommandLineArgument>
         <CommandLineArgument
            argument = "-autoLogin true "
            isEnabled = "YES">
         </CommandLineArgument>
      </CommandLineArguments>
   </LaunchAction>
   <ProfileAction
      buildConfiguration = "Release"
      shouldUseLaunchSchemeArgsEnv = "YES"
      savedToolIdentifier = ""
      useCustomWorkingDirectory = "NO"
      debugDocumentVersioning = "YES">
      <BuildableProductRunnable
         runnableDebuggingMode = "0">
         <BuildableReference
            BuildableIdentifier = "primary"
            BlueprintIdentifier = "FBB11EE02A7040A4007A8753"
            BuildableName = "BackblazeDemo_macOS.app"
            BlueprintName = "BackblazeDemo_macOS"
            ReferencedContainer = "container:BackBlazeDemo.xcodeproj">
         </BuildableReference>
      </BuildableProductRunnable>
   </ProfileAction>
   <AnalyzeAction
      buildConfiguration = "Debug">
   </AnalyzeAction>
   <ArchiveAction
      buildConfiguration = "Release"
      revealArchiveInOrganizer = "YES">
   </ArchiveAction>
</Scheme>
