// !$*UTF8*$!
{
	archiveVersion = 1;
	classes = {
	};
	objectVersion = 56;
	objects = {

/* Begin PBXBuildFile section */
		979F80492A5C270100E3B152 /* Main.swift in Sources */ = {isa = PBXBuildFile; fileRef = 979F80482A5C270100E3B152 /* Main.swift */; };
		979F804D2A5C270400E3B152 /* Assets.xcassets in Resources */ = {isa = PBXBuildFile; fileRef = 979F804C2A5C270400E3B152 /* Assets.xcassets */; };
		979F80502A5C270400E3B152 /* Preview Assets.xcassets in Resources */ = {isa = PBXBuildFile; fileRef = 979F804F2A5C270400E3B152 /* Preview Assets.xcassets */; };
		979F805A2A5C270400E3B152 /* LoginTests.swift in Sources */ = {isa = PBXBuildFile; fileRef = 979F80592A5C270400E3B152 /* LoginTests.swift */; };
		979F80762A5C277200E3B152 /* ComposableArchitecture in Frameworks */ = {isa = PBXBuildFile; productRef = 979F80752A5C277200E3B152 /* ComposableArchitecture */; };
		979F80792A5C279D00E3B152 /* Tagged in Frameworks */ = {isa = PBXBuildFile; productRef = 979F80782A5C279D00E3B152 /* Tagged */; };
		97A4B72F2A606A5000328DAF /* Login.swift in Sources */ = {isa = PBXBuildFile; fileRef = 97A4B72E2A606A5000328DAF /* Login.swift */; };
		97A4B7312A606A5A00328DAF /* AppView.swift in Sources */ = {isa = PBXBuildFile; fileRef = 97A4B7302A606A5A00328DAF /* AppView.swift */; };
		97A4B7332A606BD400328DAF /* BucketList.swift in Sources */ = {isa = PBXBuildFile; fileRef = 97A4B7322A606BD400328DAF /* BucketList.swift */; };
		97A4C00D2A6F479400D8F89D /* View+SwiftUI.swift in Sources */ = {isa = PBXBuildFile; fileRef = 97A4C00C2A6F479400D8F89D /* View+SwiftUI.swift */; };
		97BB480B2A696C7900D3BF44 /* Bucket.swift in Sources */ = {isa = PBXBuildFile; fileRef = 97BB480A2A696C7900D3BF44 /* Bucket.swift */; };
		97F019432A5F08F900264922 /* B2Api in Frameworks */ = {isa = PBXBuildFile; productRef = 97F019422A5F08F900264922 /* B2Api */; };
/* End PBXBuildFile section */

/* Begin PBXContainerItemProxy section */
		979F80562A5C270400E3B152 /* PBXContainerItemProxy */ = {
			isa = PBXContainerItemProxy;
			containerPortal = 979F803D2A5C270100E3B152 /* Project object */;
			proxyType = 1;
			remoteGlobalIDString = 979F80442A5C270100E3B152;
			remoteInfo = BackBlazeDemo;
		};
		979F80602A5C270400E3B152 /* PBXContainerItemProxy */ = {
			isa = PBXContainerItemProxy;
			containerPortal = 979F803D2A5C270100E3B152 /* Project object */;
			proxyType = 1;
			remoteGlobalIDString = 979F80442A5C270100E3B152;
			remoteInfo = BackBlazeDemo;
		};
/* End PBXContainerItemProxy section */

/* Begin PBXFileReference section */
		979F80452A5C270100E3B152 /* BackBlazeDemo.app */ = {isa = PBXFileReference; explicitFileType = wrapper.application; includeInIndex = 0; path = BackBlazeDemo.app; sourceTree = BUILT_PRODUCTS_DIR; };
		979F80482A5C270100E3B152 /* Main.swift */ = {isa = PBXFileReference; lastKnownFileType = sourcecode.swift; path = Main.swift; sourceTree = "<group>"; };
		979F804C2A5C270400E3B152 /* Assets.xcassets */ = {isa = PBXFileReference; lastKnownFileType = folder.assetcatalog; path = Assets.xcassets; sourceTree = "<group>"; };
		979F804F2A5C270400E3B152 /* Preview Assets.xcassets */ = {isa = PBXFileReference; lastKnownFileType = folder.assetcatalog; path = "Preview Assets.xcassets"; sourceTree = "<group>"; };
		979F80552A5C270400E3B152 /* BackBlazeDemoTests.xctest */ = {isa = PBXFileReference; explicitFileType = wrapper.cfbundle; includeInIndex = 0; path = BackBlazeDemoTests.xctest; sourceTree = BUILT_PRODUCTS_DIR; };
		979F80592A5C270400E3B152 /* LoginTests.swift */ = {isa = PBXFileReference; lastKnownFileType = sourcecode.swift; path = LoginTests.swift; sourceTree = "<group>"; };
		979F805F2A5C270400E3B152 /* BackBlazeDemoUITests.xctest */ = {isa = PBXFileReference; explicitFileType = wrapper.cfbundle; includeInIndex = 0; path = BackBlazeDemoUITests.xctest; sourceTree = BUILT_PRODUCTS_DIR; };
		97A4B72E2A606A5000328DAF /* Login.swift */ = {isa = PBXFileReference; lastKnownFileType = sourcecode.swift; path = Login.swift; sourceTree = "<group>"; };
		97A4B7302A606A5A00328DAF /* AppView.swift */ = {isa = PBXFileReference; lastKnownFileType = sourcecode.swift; path = AppView.swift; sourceTree = "<group>"; };
		97A4B7322A606BD400328DAF /* BucketList.swift */ = {isa = PBXFileReference; lastKnownFileType = sourcecode.swift; path = BucketList.swift; sourceTree = "<group>"; };
		97A4C00C2A6F479400D8F89D /* View+SwiftUI.swift */ = {isa = PBXFileReference; lastKnownFileType = sourcecode.swift; path = "View+SwiftUI.swift"; sourceTree = "<group>"; };
		97BB480A2A696C7900D3BF44 /* Bucket.swift */ = {isa = PBXFileReference; lastKnownFileType = sourcecode.swift; path = Bucket.swift; sourceTree = "<group>"; };
		97BDB5292A6051DC003D2612 /* Dependencies.swift */ = {isa = PBXFileReference; lastKnownFileType = sourcecode.swift; path = Dependencies.swift; sourceTree = "<group>"; };
		97E7A7B72A5F0538004C1FB5 /* B2Api */ = {isa = PBXFileReference; lastKnownFileType = wrapper; path = B2Api; sourceTree = "<group>"; };
/* End PBXFileReference section */

/* Begin PBXFrameworksBuildPhase section */
		979F80422A5C270100E3B152 /* Frameworks */ = {
			isa = PBXFrameworksBuildPhase;
			buildActionMask = 2147483647;
			files = (
				97F019432A5F08F900264922 /* B2Api in Frameworks */,
				979F80792A5C279D00E3B152 /* Tagged in Frameworks */,
				979F80762A5C277200E3B152 /* ComposableArchitecture in Frameworks */,
			);
			runOnlyForDeploymentPostprocessing = 0;
		};
		979F80522A5C270400E3B152 /* Frameworks */ = {
			isa = PBXFrameworksBuildPhase;
			buildActionMask = 2147483647;
			files = (
			);
			runOnlyForDeploymentPostprocessing = 0;
		};
		979F805C2A5C270400E3B152 /* Frameworks */ = {
			isa = PBXFrameworksBuildPhase;
			buildActionMask = 2147483647;
			files = (
			);
			runOnlyForDeploymentPostprocessing = 0;
		};
/* End PBXFrameworksBuildPhase section */

/* Begin PBXGroup section */
		979F803C2A5C270100E3B152 = {
			isa = PBXGroup;
			children = (
				97E7A7B62A5F0538004C1FB5 /* Packages */,
				979F80472A5C270100E3B152 /* BackBlazeDemo */,
				979F80582A5C270400E3B152 /* BackBlazeDemoTests */,
				979F80462A5C270100E3B152 /* Products */,
				97F019412A5F08F900264922 /* Frameworks */,
				97A4C00B2A6F0CA400D8F89D /* Recovered References */,
			);
			sourceTree = "<group>";
		};
		979F80462A5C270100E3B152 /* Products */ = {
			isa = PBXGroup;
			children = (
				979F80452A5C270100E3B152 /* BackBlazeDemo.app */,
				979F80552A5C270400E3B152 /* BackBlazeDemoTests.xctest */,
				979F805F2A5C270400E3B152 /* BackBlazeDemoUITests.xctest */,
			);
			name = Products;
			sourceTree = "<group>";
		};
		979F80472A5C270100E3B152 /* BackBlazeDemo */ = {
			isa = PBXGroup;
			children = (
				979F80482A5C270100E3B152 /* Main.swift */,
				97A4B7302A606A5A00328DAF /* AppView.swift */,
				97A4B72E2A606A5000328DAF /* Login.swift */,
				97A4B7322A606BD400328DAF /* BucketList.swift */,
				97BB480A2A696C7900D3BF44 /* Bucket.swift */,
				979F804C2A5C270400E3B152 /* Assets.xcassets */,
				979F804E2A5C270400E3B152 /* Preview Content */,
				97A4C00C2A6F479400D8F89D /* View+SwiftUI.swift */,
			);
			path = BackBlazeDemo;
			sourceTree = "<group>";
		};
		979F804E2A5C270400E3B152 /* Preview Content */ = {
			isa = PBXGroup;
			children = (
				979F804F2A5C270400E3B152 /* Preview Assets.xcassets */,
			);
			path = "Preview Content";
			sourceTree = "<group>";
		};
		979F80582A5C270400E3B152 /* BackBlazeDemoTests */ = {
			isa = PBXGroup;
			children = (
				979F80592A5C270400E3B152 /* LoginTests.swift */,
			);
			path = BackBlazeDemoTests;
			sourceTree = "<group>";
		};
		97A4C00B2A6F0CA400D8F89D /* Recovered References */ = {
			isa = PBXGroup;
			children = (
				97BDB5292A6051DC003D2612 /* Dependencies.swift */,
			);
			name = "Recovered References";
			sourceTree = "<group>";
		};
		97E7A7B62A5F0538004C1FB5 /* Packages */ = {
			isa = PBXGroup;
			children = (
				97E7A7B72A5F0538004C1FB5 /* B2Api */,
			);
			name = Packages;
			sourceTree = "<group>";
		};
		97F019412A5F08F900264922 /* Frameworks */ = {
			isa = PBXGroup;
			children = (
			);
			name = Frameworks;
			sourceTree = "<group>";
		};
/* End PBXGroup section */

/* Begin PBXNativeTarget section */
		979F80442A5C270100E3B152 /* BackBlazeDemo */ = {
			isa = PBXNativeTarget;
			buildConfigurationList = 979F80692A5C270400E3B152 /* Build configuration list for PBXNativeTarget "BackBlazeDemo" */;
			buildPhases = (
				979F80412A5C270100E3B152 /* Sources */,
				979F80422A5C270100E3B152 /* Frameworks */,
				979F80432A5C270100E3B152 /* Resources */,
			);
			buildRules = (
			);
			dependencies = (
			);
			name = BackBlazeDemo;
			packageProductDependencies = (
				979F80752A5C277200E3B152 /* ComposableArchitecture */,
				979F80782A5C279D00E3B152 /* Tagged */,
				97F019422A5F08F900264922 /* B2Api */,
			);
			productName = BackBlazeDemo;
			productReference = 979F80452A5C270100E3B152 /* BackBlazeDemo.app */;
			productType = "com.apple.product-type.application";
		};
		979F80542A5C270400E3B152 /* BackBlazeDemoTests */ = {
			isa = PBXNativeTarget;
			buildConfigurationList = 979F806C2A5C270400E3B152 /* Build configuration list for PBXNativeTarget "BackBlazeDemoTests" */;
			buildPhases = (
				979F80512A5C270400E3B152 /* Sources */,
				979F80522A5C270400E3B152 /* Frameworks */,
				979F80532A5C270400E3B152 /* Resources */,
			);
			buildRules = (
			);
			dependencies = (
				979F80572A5C270400E3B152 /* PBXTargetDependency */,
			);
			name = BackBlazeDemoTests;
			productName = BackBlazeDemoTests;
			productReference = 979F80552A5C270400E3B152 /* BackBlazeDemoTests.xctest */;
			productType = "com.apple.product-type.bundle.unit-test";
		};
		979F805E2A5C270400E3B152 /* BackBlazeDemoUITests */ = {
			isa = PBXNativeTarget;
			buildConfigurationList = 979F806F2A5C270400E3B152 /* Build configuration list for PBXNativeTarget "BackBlazeDemoUITests" */;
			buildPhases = (
				979F805B2A5C270400E3B152 /* Sources */,
				979F805C2A5C270400E3B152 /* Frameworks */,
				979F805D2A5C270400E3B152 /* Resources */,
			);
			buildRules = (
			);
			dependencies = (
				979F80612A5C270400E3B152 /* PBXTargetDependency */,
			);
			name = BackBlazeDemoUITests;
			productName = BackBlazeDemoUITests;
			productReference = 979F805F2A5C270400E3B152 /* BackBlazeDemoUITests.xctest */;
			productType = "com.apple.product-type.bundle.ui-testing";
		};
/* End PBXNativeTarget section */

/* Begin PBXProject section */
		979F803D2A5C270100E3B152 /* Project object */ = {
			isa = PBXProject;
			attributes = {
				BuildIndependentTargetsInParallel = 1;
				LastSwiftUpdateCheck = 1430;
				LastUpgradeCheck = 1430;
				TargetAttributes = {
					979F80442A5C270100E3B152 = {
						CreatedOnToolsVersion = 14.3.1;
					};
					979F80542A5C270400E3B152 = {
						CreatedOnToolsVersion = 14.3.1;
						TestTargetID = 979F80442A5C270100E3B152;
					};
					979F805E2A5C270400E3B152 = {
						CreatedOnToolsVersion = 14.3.1;
						TestTargetID = 979F80442A5C270100E3B152;
					};
				};
			};
			buildConfigurationList = 979F80402A5C270100E3B152 /* Build configuration list for PBXProject "BackBlazeDemo" */;
			compatibilityVersion = "Xcode 14.0";
			developmentRegion = en;
			hasScannedForEncodings = 0;
			knownRegions = (
				en,
				Base,
			);
			mainGroup = 979F803C2A5C270100E3B152;
			packageReferences = (
				979F80742A5C277200E3B152 /* XCRemoteSwiftPackageReference "swift-composable-architecture" */,
				979F80772A5C279D00E3B152 /* XCRemoteSwiftPackageReference "swift-tagged" */,
			);
			productRefGroup = 979F80462A5C270100E3B152 /* Products */;
			projectDirPath = "";
			projectRoot = "";
			targets = (
				979F80442A5C270100E3B152 /* BackBlazeDemo */,
				979F80542A5C270400E3B152 /* BackBlazeDemoTests */,
				979F805E2A5C270400E3B152 /* BackBlazeDemoUITests */,
			);
		};
/* End PBXProject section */

/* Begin PBXResourcesBuildPhase section */
		979F80432A5C270100E3B152 /* Resources */ = {
			isa = PBXResourcesBuildPhase;
			buildActionMask = 2147483647;
			files = (
				979F80502A5C270400E3B152 /* Preview Assets.xcassets in Resources */,
				979F804D2A5C270400E3B152 /* Assets.xcassets in Resources */,
			);
			runOnlyForDeploymentPostprocessing = 0;
		};
		979F80532A5C270400E3B152 /* Resources */ = {
			isa = PBXResourcesBuildPhase;
			buildActionMask = 2147483647;
			files = (
			);
			runOnlyForDeploymentPostprocessing = 0;
		};
		979F805D2A5C270400E3B152 /* Resources */ = {
			isa = PBXResourcesBuildPhase;
			buildActionMask = 2147483647;
			files = (
			);
			runOnlyForDeploymentPostprocessing = 0;
		};
/* End PBXResourcesBuildPhase section */

/* Begin PBXSourcesBuildPhase section */
		979F80412A5C270100E3B152 /* Sources */ = {
			isa = PBXSourcesBuildPhase;
			buildActionMask = 2147483647;
			files = (
				97A4B7312A606A5A00328DAF /* AppView.swift in Sources */,
				97A4B72F2A606A5000328DAF /* Login.swift in Sources */,
				97BB480B2A696C7900D3BF44 /* Bucket.swift in Sources */,
				979F80492A5C270100E3B152 /* Main.swift in Sources */,
				97A4C00D2A6F479400D8F89D /* View+SwiftUI.swift in Sources */,
				97A4B7332A606BD400328DAF /* BucketList.swift in Sources */,
			);
			runOnlyForDeploymentPostprocessing = 0;
		};
		979F80512A5C270400E3B152 /* Sources */ = {
			isa = PBXSourcesBuildPhase;
			buildActionMask = 2147483647;
			files = (
				979F805A2A5C270400E3B152 /* LoginTests.swift in Sources */,
			);
			runOnlyForDeploymentPostprocessing = 0;
		};
		979F805B2A5C270400E3B152 /* Sources */ = {
			isa = PBXSourcesBuildPhase;
			buildActionMask = 2147483647;
			files = (
			);
			runOnlyForDeploymentPostprocessing = 0;
		};
/* End PBXSourcesBuildPhase section */

/* Begin PBXTargetDependency section */
		979F80572A5C270400E3B152 /* PBXTargetDependency */ = {
			isa = PBXTargetDependency;
			target = 979F80442A5C270100E3B152 /* BackBlazeDemo */;
			targetProxy = 979F80562A5C270400E3B152 /* PBXContainerItemProxy */;
		};
		979F80612A5C270400E3B152 /* PBXTargetDependency */ = {
			isa = PBXTargetDependency;
			target = 979F80442A5C270100E3B152 /* BackBlazeDemo */;
			targetProxy = 979F80602A5C270400E3B152 /* PBXContainerItemProxy */;
		};
/* End PBXTargetDependency section */

/* Begin XCBuildConfiguration section */
		979F80672A5C270400E3B152 /* Debug */ = {
			isa = XCBuildConfiguration;
			buildSettings = {
				ALWAYS_SEARCH_USER_PATHS = NO;
				CLANG_ANALYZER_NONNULL = YES;
				CLANG_ANALYZER_NUMBER_OBJECT_CONVERSION = YES_AGGRESSIVE;
				CLANG_CXX_LANGUAGE_STANDARD = "gnu++20";
				CLANG_ENABLE_MODULES = YES;
				CLANG_ENABLE_OBJC_ARC = YES;
				CLANG_ENABLE_OBJC_WEAK = YES;
				CLANG_WARN_BLOCK_CAPTURE_AUTORELEASING = YES;
				CLANG_WARN_BOOL_CONVERSION = YES;
				CLANG_WARN_COMMA = YES;
				CLANG_WARN_CONSTANT_CONVERSION = YES;
				CLANG_WARN_DEPRECATED_OBJC_IMPLEMENTATIONS = YES;
				CLANG_WARN_DIRECT_OBJC_ISA_USAGE = YES_ERROR;
				CLANG_WARN_DOCUMENTATION_COMMENTS = YES;
				CLANG_WARN_EMPTY_BODY = YES;
				CLANG_WARN_ENUM_CONVERSION = YES;
				CLANG_WARN_INFINITE_RECURSION = YES;
				CLANG_WARN_INT_CONVERSION = YES;
				CLANG_WARN_NON_LITERAL_NULL_CONVERSION = YES;
				CLANG_WARN_OBJC_IMPLICIT_RETAIN_SELF = YES;
				CLANG_WARN_OBJC_LITERAL_CONVERSION = YES;
				CLANG_WARN_OBJC_ROOT_CLASS = YES_ERROR;
				CLANG_WARN_QUOTED_INCLUDE_IN_FRAMEWORK_HEADER = YES;
				CLANG_WARN_RANGE_LOOP_ANALYSIS = YES;
				CLANG_WARN_STRICT_PROTOTYPES = YES;
				CLANG_WARN_SUSPICIOUS_MOVE = YES;
				CLANG_WARN_UNGUARDED_AVAILABILITY = YES_AGGRESSIVE;
				CLANG_WARN_UNREACHABLE_CODE = YES;
				CLANG_WARN__DUPLICATE_METHOD_MATCH = YES;
				COPY_PHASE_STRIP = NO;
				DEBUG_INFORMATION_FORMAT = dwarf;
				ENABLE_STRICT_OBJC_MSGSEND = YES;
				ENABLE_TESTABILITY = YES;
				GCC_C_LANGUAGE_STANDARD = gnu11;
				GCC_DYNAMIC_NO_PIC = NO;
				GCC_NO_COMMON_BLOCKS = YES;
				GCC_OPTIMIZATION_LEVEL = 0;
				GCC_PREPROCESSOR_DEFINITIONS = (
					"DEBUG=1",
					"$(inherited)",
				);
				GCC_WARN_64_TO_32_BIT_CONVERSION = YES;
				GCC_WARN_ABOUT_RETURN_TYPE = YES_ERROR;
				GCC_WARN_UNDECLARED_SELECTOR = YES;
				GCC_WARN_UNINITIALIZED_AUTOS = YES_AGGRESSIVE;
				GCC_WARN_UNUSED_FUNCTION = YES;
				GCC_WARN_UNUSED_VARIABLE = YES;
				IPHONEOS_DEPLOYMENT_TARGET = 16.4;
				MTL_ENABLE_DEBUG_INFO = INCLUDE_SOURCE;
				MTL_FAST_MATH = YES;
				ONLY_ACTIVE_ARCH = YES;
				SDKROOT = iphoneos;
				SWIFT_ACTIVE_COMPILATION_CONDITIONS = DEBUG;
				SWIFT_OPTIMIZATION_LEVEL = "-Onone";
			};
			name = Debug;
		};
		979F80682A5C270400E3B152 /* Release */ = {
			isa = XCBuildConfiguration;
			buildSettings = {
				ALWAYS_SEARCH_USER_PATHS = NO;
				CLANG_ANALYZER_NONNULL = YES;
				CLANG_ANALYZER_NUMBER_OBJECT_CONVERSION = YES_AGGRESSIVE;
				CLANG_CXX_LANGUAGE_STANDARD = "gnu++20";
				CLANG_ENABLE_MODULES = YES;
				CLANG_ENABLE_OBJC_ARC = YES;
				CLANG_ENABLE_OBJC_WEAK = YES;
				CLANG_WARN_BLOCK_CAPTURE_AUTORELEASING = YES;
				CLANG_WARN_BOOL_CONVERSION = YES;
				CLANG_WARN_COMMA = YES;
				CLANG_WARN_CONSTANT_CONVERSION = YES;
				CLANG_WARN_DEPRECATED_OBJC_IMPLEMENTATIONS = YES;
				CLANG_WARN_DIRECT_OBJC_ISA_USAGE = YES_ERROR;
				CLANG_WARN_DOCUMENTATION_COMMENTS = YES;
				CLANG_WARN_EMPTY_BODY = YES;
				CLANG_WARN_ENUM_CONVERSION = YES;
				CLANG_WARN_INFINITE_RECURSION = YES;
				CLANG_WARN_INT_CONVERSION = YES;
				CLANG_WARN_NON_LITERAL_NULL_CONVERSION = YES;
				CLANG_WARN_OBJC_IMPLICIT_RETAIN_SELF = YES;
				CLANG_WARN_OBJC_LITERAL_CONVERSION = YES;
				CLANG_WARN_OBJC_ROOT_CLASS = YES_ERROR;
				CLANG_WARN_QUOTED_INCLUDE_IN_FRAMEWORK_HEADER = YES;
				CLANG_WARN_RANGE_LOOP_ANALYSIS = YES;
				CLANG_WARN_STRICT_PROTOTYPES = YES;
				CLANG_WARN_SUSPICIOUS_MOVE = YES;
				CLANG_WARN_UNGUARDED_AVAILABILITY = YES_AGGRESSIVE;
				CLANG_WARN_UNREACHABLE_CODE = YES;
				CLANG_WARN__DUPLICATE_METHOD_MATCH = YES;
				COPY_PHASE_STRIP = NO;
				DEBUG_INFORMATION_FORMAT = "dwarf-with-dsym";
				ENABLE_NS_ASSERTIONS = NO;
				ENABLE_STRICT_OBJC_MSGSEND = YES;
				GCC_C_LANGUAGE_STANDARD = gnu11;
				GCC_NO_COMMON_BLOCKS = YES;
				GCC_WARN_64_TO_32_BIT_CONVERSION = YES;
				GCC_WARN_ABOUT_RETURN_TYPE = YES_ERROR;
				GCC_WARN_UNDECLARED_SELECTOR = YES;
				GCC_WARN_UNINITIALIZED_AUTOS = YES_AGGRESSIVE;
				GCC_WARN_UNUSED_FUNCTION = YES;
				GCC_WARN_UNUSED_VARIABLE = YES;
				IPHONEOS_DEPLOYMENT_TARGET = 16.4;
				MTL_ENABLE_DEBUG_INFO = NO;
				MTL_FAST_MATH = YES;
				SDKROOT = iphoneos;
				SWIFT_COMPILATION_MODE = wholemodule;
				SWIFT_OPTIMIZATION_LEVEL = "-O";
				VALIDATE_PRODUCT = YES;
			};
			name = Release;
		};
		979F806A2A5C270400E3B152 /* Debug */ = {
			isa = XCBuildConfiguration;
			buildSettings = {
				ASSETCATALOG_COMPILER_APPICON_NAME = AppIcon;
				ASSETCATALOG_COMPILER_GLOBAL_ACCENT_COLOR_NAME = AccentColor;
				CODE_SIGN_STYLE = Automatic;
				CURRENT_PROJECT_VERSION = 1;
				DEVELOPMENT_ASSET_PATHS = "\"BackBlazeDemo/Preview Content\"";
				DEVELOPMENT_TEAM = ME637H7ZM9;
				ENABLE_PREVIEWS = YES;
				GENERATE_INFOPLIST_FILE = YES;
				INFOPLIST_KEY_UIApplicationSceneManifest_Generation = YES;
				INFOPLIST_KEY_UIApplicationSupportsIndirectInputEvents = YES;
				INFOPLIST_KEY_UILaunchScreen_Generation = YES;
				INFOPLIST_KEY_UISupportedInterfaceOrientations_iPad = "UIInterfaceOrientationPortrait UIInterfaceOrientationPortraitUpsideDown UIInterfaceOrientationLandscapeLeft UIInterfaceOrientationLandscapeRight";
				INFOPLIST_KEY_UISupportedInterfaceOrientations_iPhone = "UIInterfaceOrientationPortrait UIInterfaceOrientationLandscapeLeft UIInterfaceOrientationLandscapeRight";
				LD_RUNPATH_SEARCH_PATHS = (
					"$(inherited)",
					"@executable_path/Frameworks",
				);
				MARKETING_VERSION = 1.0;
				PRODUCT_BUNDLE_IDENTIFIER = com.dedaInc.BackBlazeDemo;
				PRODUCT_NAME = "$(TARGET_NAME)";
				SWIFT_EMIT_LOC_STRINGS = YES;
				SWIFT_VERSION = 5.0;
				TARGETED_DEVICE_FAMILY = "1,2";
			};
			name = Debug;
		};
		979F806B2A5C270400E3B152 /* Release */ = {
			isa = XCBuildConfiguration;
			buildSettings = {
				ASSETCATALOG_COMPILER_APPICON_NAME = AppIcon;
				ASSETCATALOG_COMPILER_GLOBAL_ACCENT_COLOR_NAME = AccentColor;
				CODE_SIGN_STYLE = Automatic;
				CURRENT_PROJECT_VERSION = 1;
				DEVELOPMENT_ASSET_PATHS = "\"BackBlazeDemo/Preview Content\"";
				DEVELOPMENT_TEAM = ME637H7ZM9;
				ENABLE_PREVIEWS = YES;
				GENERATE_INFOPLIST_FILE = YES;
				INFOPLIST_KEY_UIApplicationSceneManifest_Generation = YES;
				INFOPLIST_KEY_UIApplicationSupportsIndirectInputEvents = YES;
				INFOPLIST_KEY_UILaunchScreen_Generation = YES;
				INFOPLIST_KEY_UISupportedInterfaceOrientations_iPad = "UIInterfaceOrientationPortrait UIInterfaceOrientationPortraitUpsideDown UIInterfaceOrientationLandscapeLeft UIInterfaceOrientationLandscapeRight";
				INFOPLIST_KEY_UISupportedInterfaceOrientations_iPhone = "UIInterfaceOrientationPortrait UIInterfaceOrientationLandscapeLeft UIInterfaceOrientationLandscapeRight";
				LD_RUNPATH_SEARCH_PATHS = (
					"$(inherited)",
					"@executable_path/Frameworks",
				);
				MARKETING_VERSION = 1.0;
				PRODUCT_BUNDLE_IDENTIFIER = com.dedaInc.BackBlazeDemo;
				PRODUCT_NAME = "$(TARGET_NAME)";
				SWIFT_EMIT_LOC_STRINGS = YES;
				SWIFT_VERSION = 5.0;
				TARGETED_DEVICE_FAMILY = "1,2";
			};
			name = Release;
		};
		979F806D2A5C270400E3B152 /* Debug */ = {
			isa = XCBuildConfiguration;
			buildSettings = {
				ALWAYS_EMBED_SWIFT_STANDARD_LIBRARIES = YES;
				BUNDLE_LOADER = "$(TEST_HOST)";
				CODE_SIGN_STYLE = Automatic;
				CURRENT_PROJECT_VERSION = 1;
				DEVELOPMENT_TEAM = ME637H7ZM9;
				GENERATE_INFOPLIST_FILE = YES;
				IPHONEOS_DEPLOYMENT_TARGET = 16.4;
				MARKETING_VERSION = 1.0;
				PRODUCT_BUNDLE_IDENTIFIER = com.dedaInc.BackBlazeDemoTests;
				PRODUCT_NAME = "$(TARGET_NAME)";
				SWIFT_EMIT_LOC_STRINGS = NO;
				SWIFT_VERSION = 5.0;
				TARGETED_DEVICE_FAMILY = "1,2";
				TEST_HOST = "$(BUILT_PRODUCTS_DIR)/BackBlazeDemo.app/$(BUNDLE_EXECUTABLE_FOLDER_PATH)/BackBlazeDemo";
			};
			name = Debug;
		};
		979F806E2A5C270400E3B152 /* Release */ = {
			isa = XCBuildConfiguration;
			buildSettings = {
				ALWAYS_EMBED_SWIFT_STANDARD_LIBRARIES = YES;
				BUNDLE_LOADER = "$(TEST_HOST)";
				CODE_SIGN_STYLE = Automatic;
				CURRENT_PROJECT_VERSION = 1;
				DEVELOPMENT_TEAM = ME637H7ZM9;
				GENERATE_INFOPLIST_FILE = YES;
				IPHONEOS_DEPLOYMENT_TARGET = 16.4;
				MARKETING_VERSION = 1.0;
				PRODUCT_BUNDLE_IDENTIFIER = com.dedaInc.BackBlazeDemoTests;
				PRODUCT_NAME = "$(TARGET_NAME)";
				SWIFT_EMIT_LOC_STRINGS = NO;
				SWIFT_VERSION = 5.0;
				TARGETED_DEVICE_FAMILY = "1,2";
				TEST_HOST = "$(BUILT_PRODUCTS_DIR)/BackBlazeDemo.app/$(BUNDLE_EXECUTABLE_FOLDER_PATH)/BackBlazeDemo";
			};
			name = Release;
		};
		979F80702A5C270400E3B152 /* Debug */ = {
			isa = XCBuildConfiguration;
			buildSettings = {
				ALWAYS_EMBED_SWIFT_STANDARD_LIBRARIES = YES;
				CODE_SIGN_STYLE = Automatic;
				CURRENT_PROJECT_VERSION = 1;
				DEVELOPMENT_TEAM = ME637H7ZM9;
				GENERATE_INFOPLIST_FILE = YES;
				MARKETING_VERSION = 1.0;
				PRODUCT_BUNDLE_IDENTIFIER = com.dedaInc.BackBlazeDemoUITests;
				PRODUCT_NAME = "$(TARGET_NAME)";
				SWIFT_EMIT_LOC_STRINGS = NO;
				SWIFT_VERSION = 5.0;
				TARGETED_DEVICE_FAMILY = "1,2";
				TEST_TARGET_NAME = BackBlazeDemo;
			};
			name = Debug;
		};
		979F80712A5C270400E3B152 /* Release */ = {
			isa = XCBuildConfiguration;
			buildSettings = {
				ALWAYS_EMBED_SWIFT_STANDARD_LIBRARIES = YES;
				CODE_SIGN_STYLE = Automatic;
				CURRENT_PROJECT_VERSION = 1;
				DEVELOPMENT_TEAM = ME637H7ZM9;
				GENERATE_INFOPLIST_FILE = YES;
				MARKETING_VERSION = 1.0;
				PRODUCT_BUNDLE_IDENTIFIER = com.dedaInc.BackBlazeDemoUITests;
				PRODUCT_NAME = "$(TARGET_NAME)";
				SWIFT_EMIT_LOC_STRINGS = NO;
				SWIFT_VERSION = 5.0;
				TARGETED_DEVICE_FAMILY = "1,2";
				TEST_TARGET_NAME = BackBlazeDemo;
			};
			name = Release;
		};
/* End XCBuildConfiguration section */

/* Begin XCConfigurationList section */
		979F80402A5C270100E3B152 /* Build configuration list for PBXProject "BackBlazeDemo" */ = {
			isa = XCConfigurationList;
			buildConfigurations = (
				979F80672A5C270400E3B152 /* Debug */,
				979F80682A5C270400E3B152 /* Release */,
			);
			defaultConfigurationIsVisible = 0;
			defaultConfigurationName = Release;
		};
		979F80692A5C270400E3B152 /* Build configuration list for PBXNativeTarget "BackBlazeDemo" */ = {
			isa = XCConfigurationList;
			buildConfigurations = (
				979F806A2A5C270400E3B152 /* Debug */,
				979F806B2A5C270400E3B152 /* Release */,
			);
			defaultConfigurationIsVisible = 0;
			defaultConfigurationName = Release;
		};
		979F806C2A5C270400E3B152 /* Build configuration list for PBXNativeTarget "BackBlazeDemoTests" */ = {
			isa = XCConfigurationList;
			buildConfigurations = (
				979F806D2A5C270400E3B152 /* Debug */,
				979F806E2A5C270400E3B152 /* Release */,
			);
			defaultConfigurationIsVisible = 0;
			defaultConfigurationName = Release;
		};
		979F806F2A5C270400E3B152 /* Build configuration list for PBXNativeTarget "BackBlazeDemoUITests" */ = {
			isa = XCConfigurationList;
			buildConfigurations = (
				979F80702A5C270400E3B152 /* Debug */,
				979F80712A5C270400E3B152 /* Release */,
			);
			defaultConfigurationIsVisible = 0;
			defaultConfigurationName = Release;
		};
/* End XCConfigurationList section */

/* Begin XCRemoteSwiftPackageReference section */
		979F80742A5C277200E3B152 /* XCRemoteSwiftPackageReference "swift-composable-architecture" */ = {
			isa = XCRemoteSwiftPackageReference;
			repositoryURL = "https://github.com/pointfreeco/swift-composable-architecture.git";
			requirement = {
				kind = upToNextMajorVersion;
				minimumVersion = 0.55.0;
			};
		};
		979F80772A5C279D00E3B152 /* XCRemoteSwiftPackageReference "swift-tagged" */ = {
			isa = XCRemoteSwiftPackageReference;
			repositoryURL = "https://github.com/pointfreeco/swift-tagged.git";
			requirement = {
				kind = upToNextMajorVersion;
				minimumVersion = 0.10.0;
			};
		};
/* End XCRemoteSwiftPackageReference section */

/* Begin XCSwiftPackageProductDependency section */
		979F80752A5C277200E3B152 /* ComposableArchitecture */ = {
			isa = XCSwiftPackageProductDependency;
			package = 979F80742A5C277200E3B152 /* XCRemoteSwiftPackageReference "swift-composable-architecture" */;
			productName = ComposableArchitecture;
		};
		979F80782A5C279D00E3B152 /* Tagged */ = {
			isa = XCSwiftPackageProductDependency;
			package = 979F80772A5C279D00E3B152 /* XCRemoteSwiftPackageReference "swift-tagged" */;
			productName = Tagged;
		};
		97F019422A5F08F900264922 /* B2Api */ = {
			isa = XCSwiftPackageProductDependency;
			productName = B2Api;
		};
/* End XCSwiftPackageProductDependency section */
	};
	rootObject = 979F803D2A5C270100E3B152 /* Project object */;
}
